dependencies:
- name: nemotron-nano-9b-v2
  repository: file://./charts/nemotron-nano-9b-v2
  version: 3.2.0
- name: cosmos-reason2-8b
  repository: file://./charts/cosmos-reason2-8b
  version: 3.2.0
- name: cosmos3-reasoner
  repository: file://./charts/cosmos3-reasoner
  version: 3.2.0
digest: sha256:78525bb76464182c280629b1cec5afc58c130ce4791e8915701a986b63e5195a
generated: "2026-06-04T16:43:34.573758+05:30"
