dependencies:
- name: vss-vios-postgres
  repository: file://./charts/vios-postgres
  version: 3.2.0
- name: vss-vios-sensor
  repository: file://./charts/vios-sensor
  version: 3.2.0
- name: vss-vios-streamprocessing
  repository: file://./charts/vios-streamprocessing
  version: 3.2.0
- name: vss-vios-ingress
  repository: file://./charts/vios-ingress
  version: 3.2.0
- name: vss-vios-nvstreamer
  repository: file://./charts/vios-nvstreamer
  version: 3.2.0
digest: sha256:d8a1af3e132fc23a3e52d021f757aefabeda23001e989ffac65f5e1e8558b3f8
generated: "2026-06-04T16:43:28.687249+05:30"
