dependencies:
- name: vss-behavior-analytics
  repository: file://./charts/behavior-analytics
  version: 3.2.0
- name: vss-video-analytics-api
  repository: file://./charts/video-analytics-api
  version: 3.2.0
- name: video-analytics-ui
  repository: file://./charts/video-analytics-ui
  version: 3.2.0
digest: sha256:eac1281ef1f5ade1a5510da5dedc44a304079cc9ddd0a5a68b44687b1ee44c88
generated: "2026-06-04T16:43:40.590863+05:30"
